{
  "version": 4,
  "terraform_version": "1.9.3",
  "serial": 43,
  "lineage": "6fd58dd4-a62a-3365-59da-128c4aad20bd",
  "outputs": {},
  "resources": [
    {
      "mode": "managed",
      "type": "proxmox_vm_qemu",
      "name": "ubuntu-24",
      "provider": "provider[\"registry.terraform.io/telmate/proxmox\"]",
      "instances": [
        {
          "index_key": 0,
          "schema_version": 0,
          "attributes": {
            "additional_wait": 5,
            "agent": 1,
            "agent_timeout": null,
            "args": "",
            "automatic_reboot": true,
            "balloon": 0,
            "bios": "seabios",
            "boot": "c",
            "bootdisk": "",
            "ci_wait": null,
            "cicustom": "",
            "cipassword": "",
            "ciuser": "mfaziz",
            "clone": "ubuntu-server-24",
            "clone_wait": 10,
            "cores": 2,
            "cpu": "host",
            "default_ipv4_address": "192.168.1.201",
            "default_ipv6_address": "",
            "define_connection_info": true,
            "desc": "Ubuntu 24 Server",
            "disks": [
              {
                "ide": [
                  {
                    "ide0": [
                      {
                        "cdrom": [],
                        "cloudinit": [
                          {
                            "storage": "local"
                          }
                        ],
                        "disk": [],
                        "passthrough": []
                      }
                    ],
                    "ide1": [],
                    "ide2": [],
                    "ide3": []
                  }
                ],
                "sata": [],
                "scsi": [],
                "virtio": [
                  {
                    "virtio0": [
                      {
                        "cdrom": [],
                        "disk": [
                          {
                            "asyncio": "",
                            "backup": true,
                            "cache": "",
                            "discard": false,
                            "format": "qcow2",
                            "id": 0,
                            "iops_r_burst": 0,
                            "iops_r_burst_length": 0,
                            "iops_r_concurrent": 0,
                            "iops_wr_burst": 0,
                            "iops_wr_burst_length": 0,
                            "iops_wr_concurrent": 0,
                            "iothread": false,
                            "linked_disk_id": -1,
                            "mbps_r_burst": 0,
                            "mbps_r_concurrent": 0,
                            "mbps_wr_burst": 0,
                            "mbps_wr_concurrent": 0,
                            "readonly": false,
                            "replicate": false,
                            "serial": "",
                            "size": "120G",
                            "storage": "local",
                            "wwn": ""
                          }
                        ],
                        "passthrough": []
                      }
                    ],
                    "virtio1": [],
                    "virtio10": [],
                    "virtio11": [],
                    "virtio12": [],
                    "virtio13": [],
                    "virtio14": [],
                    "virtio15": [],
                    "virtio2": [],
                    "virtio3": [],
                    "virtio4": [],
                    "virtio5": [],
                    "virtio6": [],
                    "virtio7": [],
                    "virtio8": [],
                    "virtio9": []
                  }
                ]
              }
            ],
            "efidisk": [],
            "force_create": false,
            "force_recreate_on_change_of": null,
            "full_clone": true,
            "hagroup": "",
            "hastate": "",
            "hostpci": [],
            "hotplug": "network,disk,usb",
            "id": "mfaziz/qemu/101",
            "ipconfig0": "ip=192.168.1.201/24,gw=192.168.1.254",
            "ipconfig1": "",
            "ipconfig10": "",
            "ipconfig11": "",
            "ipconfig12": "",
            "ipconfig13": "",
            "ipconfig14": "",
            "ipconfig15": "",
            "ipconfig2": "",
            "ipconfig3": "",
            "ipconfig4": "",
            "ipconfig5": "",
            "ipconfig6": "",
            "ipconfig7": "",
            "ipconfig8": "",
            "ipconfig9": "",
            "kvm": true,
            "linked_vmid": 0,
            "machine": "",
            "memory": 4096,
            "name": "1-ubuntu-24",
            "nameserver": "",
            "network": [
              {
                "bridge": "vmbr0",
                "firewall": false,
                "link_down": false,
                "macaddr": "32:FC:28:C5:87:71",
                "model": "virtio",
                "mtu": 0,
                "queues": 0,
                "rate": 0,
                "tag": -1
              }
            ],
            "numa": false,
            "onboot": true,
            "os_network_config": null,
            "os_type": "cloud-init",
            "pool": "",
            "protection": false,
            "pxe": null,
            "qemu_os": "other",
            "reboot_required": false,
            "scsihw": "lsi",
            "searchdomain": "",
            "serial": [],
            "skip_ipv4": false,
            "skip_ipv6": false,
            "smbios": [
              {
                "family": "",
                "manufacturer": "",
                "product": "",
                "serial": "",
                "sku": "",
                "uuid": "4d9180a9-e57d-47f7-8e3e-d33d7ede1a58",
                "version": ""
              }
            ],
            "sockets": 1,
            "ssh_forward_ip": "192.168.1.201",
            "ssh_host": "192.168.1.201",
            "ssh_port": "22",
            "ssh_private_key": "-----BEGIN RSA PRIVATE KEY-----\nb3BlbnNzaC1rZXktdjEAAAAABG5vbmUAAAAEbm9uZQAAAAAAAAABAAACFwAAAAdzc2gtcn\nNhAAAAAwEAAQAAAgEAnIUiUpPYbn6+YUl3Ho7uUUr0aJSNMxqzBIlFy6p+Dfv4LQ61cVIq\n9v9dv751e8pVA7i4z3aRktFai0xzlfJV+mZIscu+8fotjwHqlCcs99udG6cCpHbcoTiD2B\nocXUdkwNe/mnGXPHm09HGuLZ5NYwxXKlV6YvyXrpDmAq4wCaaK+VgvzTwcyfZ5nwl/dBeU\nn+m+2EUOuuj/zJg4qbwHFIKQX9Z3Up139oyfwxngcPoug4q5pW467alux80p2lJ0RMKIx3\nNaICw6sPTNpt/yjJp9FBzZTwAA2Gd9t6LapGE2uLCnGlZSsKoxO2ZgCAxr0guB3oA0PfY0\nWa6bO7Nk5whoaOJTlQy3R17MG0LgH9QCNu65jSsCtL4lxDHWj0csOgAjW2s/oyImTnFtiA\nlL4YaBEiL/xJKqqOq1uoh2VoYYw6NQ/jUFp61y6jUqeT1pNC3lOPljbDdAWdXwI31Maowu\nXhokrfoYxNm83DPi14gNhBlRoIPO5PuBYZnWaX646XEPWamF6K5mR1MxUlSA4XB3c5ZR5T\nQpHREbeaAjFYZhpuM52wqinFOZ3zFXALwJ+qQTB2vCsmgmymtX1VTbEPhXblQEMkPr/Ar4\nOvdIkyEG9EBLIl6YM6+7iWiLE337ZO1hk4Si4yRXygdaRcXa+HraJ1HOsHNiwoneJDc5/w\nkAAAdI5dTUWeXU1FkAAAAHc3NoLXJzYQAAAgEAnIUiUpPYbn6+YUl3Ho7uUUr0aJSNMxqz\nBIlFy6p+Dfv4LQ61cVIq9v9dv751e8pVA7i4z3aRktFai0xzlfJV+mZIscu+8fotjwHqlC\ncs99udG6cCpHbcoTiD2BocXUdkwNe/mnGXPHm09HGuLZ5NYwxXKlV6YvyXrpDmAq4wCaaK\n+VgvzTwcyfZ5nwl/dBeUn+m+2EUOuuj/zJg4qbwHFIKQX9Z3Up139oyfwxngcPoug4q5pW\n467alux80p2lJ0RMKIx3NaICw6sPTNpt/yjJp9FBzZTwAA2Gd9t6LapGE2uLCnGlZSsKox\nO2ZgCAxr0guB3oA0PfY0Wa6bO7Nk5whoaOJTlQy3R17MG0LgH9QCNu65jSsCtL4lxDHWj0\ncsOgAjW2s/oyImTnFtiAlL4YaBEiL/xJKqqOq1uoh2VoYYw6NQ/jUFp61y6jUqeT1pNC3l\nOPljbDdAWdXwI31MaowuXhokrfoYxNm83DPi14gNhBlRoIPO5PuBYZnWaX646XEPWamF6K\n5mR1MxUlSA4XB3c5ZR5TQpHREbeaAjFYZhpuM52wqinFOZ3zFXALwJ+qQTB2vCsmgmymtX\n1VTbEPhXblQEMkPr/Ar4OvdIkyEG9EBLIl6YM6+7iWiLE337ZO1hk4Si4yRXygdaRcXa+H\nraJ1HOsHNiwoneJDc5/wkAAAADAQABAAACAAejc6uwrWpPDdQfoAxCEMgE2W1VJULuNaMD\nXqr0KhddSZz2pSI0+Vsj1pu/Rr/WKFSjKi8Ya+hMsUIvu/WrEEkaaXJ2grNlGzNpy4c+wN\ny5FK9pyiDj8BvUxJJs9nS9luGBEJ0P7WqKd1X1Sk54SvHfg018mG7GQadySNdZUDIttNs6\n/jI3kcwawZANCEb5HkwOPehouQb5d1UGb2rRKKNL7+cix0tP21qRPaa+14uL723Z/PoMKX\nIPHRSWeElq/A5IVCEvtEvyUfbwK4J5AWmdNydzyk3Rro42bBXkgQ5unsYKpk0MaMKtu54D\nfqzwi5PXneyRjdB2+H0RSWAeKXliqSqXTWWOaWY3J1mEqHXkql4/GF8Lrm5E8liB7UWf91\nbxgvZNUyGUhFCnY97ei4hk5OaiYCdNJBHyf6hgUW7uCZuHoPllsiPLmpHqzpsltJZrP/LP\nBNLwbL6JnHcl3SN9NKPd55vpziQX+3/sj6hSf4hWWyG/0XZNOux6UZiA8I3ksnV4K/hnbX\n+Cb/5/NjbUjCo+uUKW/PblsxWp/Z7D+13OqgVCQAICxjbR7nNvAc6+1xztccKImToBP4R4\nBY3VlbbB0fCZfuOl7mzIL3vUqoaRVxeZHztpJBcZyfApDYwGOOlNTyunY737FRTk/CRP4T\nHJwldoCBoMJY2MTBKRAAABAAhskUY+r62WRNH9OQfG6JZSu7Jr5kyAsNNX0PKpLF/eItSx\nNxHvIRYc1Wzv7b4Dn6E83UyPlnEgLS+mkyT0Iw8mtXFthQDEPIirYGUK0o6KhBwro3rml7\nu2YNlGXHPc2ubotPRjHSBXTI18oVtgJEdhZyruisaTtu/GeOcLv4bKwXpzIbkJNr4iNH+E\nKEFKD2pWl4t4UPgtUvT4/kP7vZaysqqgSPrDID1mmYXCpUGg14eTZ7HxHI3CzIeS9bI9+q\nMwkht4Y3peWJcV4EiGW/nYfb1qPo/wUHTGx456+Mp2mz0OS5aHIJVQ0wieZoQuMu3OuwNF\n+2YmSVtwmJst8F8AAAEBANluGJA+hLDhLHpBb8msTeVX0mg2WdnPdjxe0qDuoS3jaUH8Cg\nAw+u2JHpCJedrnq51kyYaidy+SSVItTd44gFB/yyKSZgs5ogcyHrhqxy7sufEDOBkb7r7U\nkcNT/aBr+HiNry2P6XhrYzSZANOxmRwy9CXKPpGdrQwOwEnlsZLkkl0JFPyBvgTAwazCrk\noZQQCtPcummUE+dg7RJ032pbcn+4goFXL4dsvlNQrofSfnrSDtpY6gRWadqo15Qb7oHSr5\nQLI5lgcKGTYf89mt0QczarfQ2tklOy51Ac+hnopD13HKWIltaFU3yP0Gzb0aIBx2ts2//g\niPBJ792d14x90AAAEBALhJAFJL9QbIQtDi4BY+9IANwhVxtqJ8AYnP5gt+f2iioSFAtMfD\no5CJdNg7JYv7OjmwWFtcZPL6/bZyXqIKB6oD4z8LFeG+PgTwmtGGQYUMmI9ZhxT54TWIEO\nHWcAInOkKTOwHBC5O8VKRKypa79yUinO1NKD1w8uJNinRMzqne1scoAX9AJt5tthtwg4Ak\nfrtFArvmqZq/EMVadfyjvrxZ/xOvnsb5gBnzV9Q1CqAsnwyyFmSrifqlAr8yxr4Z+IpNbB\nM8Gj3v6JUE4ktXJfsdeh9bVbmR4KY9ySlALDi1rcjjtVIYquwzqifiFA6KQnm/s2hhGZZ9\nPLXXKdbIlx0AAAASbWZheml6NTBAZ21haWwuY29tAQ==\n-----END RSA PRIVATE KEY-----\n",
            "ssh_user": "mfaziz",
            "sshkeys": "",
            "startup": "",
            "tablet": true,
            "tags": "",
            "target_node": "mfaziz",
            "target_nodes": null,
            "timeouts": null,
            "unused_disk": [],
            "usb": [],
            "vcpus": 0,
            "vga": [],
            "vm_state": "running",
            "vmid": 101
          },
          "sensitive_attributes": [
            [
              {
                "type": "get_attr",
                "value": "ssh_private_key"
              }
            ],
            [
              {
                "type": "get_attr",
                "value": "cipassword"
              }
            ]
          ],
          "private": "eyJlMmJmYjczMC1lY2FhLTExZTYtOGY4OC0zNDM2M2JjN2M0YzAiOnsiY3JlYXRlIjoxMjAwMDAwMDAwMDAwLCJkZWZhdWx0IjoxMjAwMDAwMDAwMDAwLCJkZWxldGUiOjEyMDAwMDAwMDAwMDAsInJlYWQiOjEyMDAwMDAwMDAwMDAsInVwZGF0ZSI6MTIwMDAwMDAwMDAwMH19"
        }
      ]
    }
  ],
  "check_results": null
}
